// !$*UTF8*$!
{
	archiveVersion = 1;
	classes = {
	};
	objectVersion = 50;
	objects = {

/* Begin PBXBuildFile section */
		10415FF3245BB70E00BA8AA2 /* DataSession.swift in Sources */ = {isa = PBXBuildFile; fileRef = 10415FF2245BB70E00BA8AA2 /* DataSession.swift */; };
		10415FF5245C9B8800BA8AA2 /* PlayerCell.swift in Sources */ = {isa = PBXBuildFile; fileRef = 10415FF4245C9B8800BA8AA2 /* PlayerCell.swift */; };
		10415FF72468C6FF00BA8AA2 /* SkillCell.swift in Sources */ = {isa = PBXBuildFile; fileRef = 10415FF62468C6FF00BA8AA2 /* SkillCell.swift */; };
		1B1C89C32457CC1600CC4FD3 /* AppDelegate.swift in Sources */ = {isa = PBXBuildFile; fileRef = 1B1C89C22457CC1600CC4FD3 /* AppDelegate.swift */; };
		1B1C89C52457CC1600CC4FD3 /* SceneDelegate.swift in Sources */ = {isa = PBXBuildFile; fileRef = 1B1C89C42457CC1600CC4FD3 /* SceneDelegate.swift */; };
		1B1C89CA2457CC1600CC4FD3 /* Main.storyboard in Resources */ = {isa = PBXBuildFile; fileRef = 1B1C89C82457CC1600CC4FD3 /* Main.storyboard */; };
		1B1C89CD2457CC1600CC4FD3 /* RuneScape.xcdatamodeld in Sources */ = {isa = PBXBuildFile; fileRef = 1B1C89CB2457CC1600CC4FD3 /* RuneScape.xcdatamodeld */; };
		1B1C89CF2457CC1800CC4FD3 /* Assets.xcassets in Resources */ = {isa = PBXBuildFile; fileRef = 1B1C89CE2457CC1800CC4FD3 /* Assets.xcassets */; };
		1B1C89D22457CC1800CC4FD3 /* LaunchScreen.storyboard in Resources */ = {isa = PBXBuildFile; fileRef = 1B1C89D02457CC1800CC4FD3 /* LaunchScreen.storyboard */; };
		1B1C89DA2457CECB00CC4FD3 /* PlayerTableVC.swift in Sources */ = {isa = PBXBuildFile; fileRef = 1B1C89D92457CECB00CC4FD3 /* PlayerTableVC.swift */; };
		1B1C89DC2457CF0000CC4FD3 /* SearchPlayerVC.swift in Sources */ = {isa = PBXBuildFile; fileRef = 1B1C89DB2457CF0000CC4FD3 /* SearchPlayerVC.swift */; };
		1B1C89DE2457CF0E00CC4FD3 /* Player.swift in Sources */ = {isa = PBXBuildFile; fileRef = 1B1C89DD2457CF0E00CC4FD3 /* Player.swift */; };
		1B1C89E02457CF3100CC4FD3 /* SkillsTableVC.swift in Sources */ = {isa = PBXBuildFile; fileRef = 1B1C89DF2457CF3100CC4FD3 /* SkillsTableVC.swift */; };
		1B1C89E22457CF4600CC4FD3 /* SkillProgressVC.swift in Sources */ = {isa = PBXBuildFile; fileRef = 1B1C89E12457CF4600CC4FD3 /* SkillProgressVC.swift */; };
/* End PBXBuildFile section */

/* Begin PBXFileReference section */
		10415FF2245BB70E00BA8AA2 /* DataSession.swift */ = {isa = PBXFileReference; lastKnownFileType = sourcecode.swift; path = DataSession.swift; sourceTree = "<group>"; };
		10415FF4245C9B8800BA8AA2 /* PlayerCell.swift */ = {isa = PBXFileReference; lastKnownFileType = sourcecode.swift; path = PlayerCell.swift; sourceTree = "<group>"; };
		10415FF62468C6FF00BA8AA2 /* SkillCell.swift */ = {isa = PBXFileReference; lastKnownFileType = sourcecode.swift; path = SkillCell.swift; sourceTree = "<group>"; };
		1B1C89BF2457CC1600CC4FD3 /* RuneScape_finalproject.app */ = {isa = PBXFileReference; explicitFileType = wrapper.application; includeInIndex = 0; path = RuneScape_finalproject.app; sourceTree = BUILT_PRODUCTS_DIR; };
		1B1C89C22457CC1600CC4FD3 /* AppDelegate.swift */ = {isa = PBXFileReference; lastKnownFileType = sourcecode.swift; path = AppDelegate.swift; sourceTree = "<group>"; };
		1B1C89C42457CC1600CC4FD3 /* SceneDelegate.swift */ = {isa = PBXFileReference; lastKnownFileType = sourcecode.swift; path = SceneDelegate.swift; sourceTree = "<group>"; };
		1B1C89C92457CC1600CC4FD3 /* Base */ = {isa = PBXFileReference; lastKnownFileType = file.storyboard; name = Base; path = Base.lproj/Main.storyboard; sourceTree = "<group>"; };
		1B1C89CC2457CC1600CC4FD3 /* RuneScape_finalproject.xcdatamodel */ = {isa = PBXFileReference; lastKnownFileType = wrapper.xcdatamodel; path = RuneScape_finalproject.xcdatamodel; sourceTree = "<group>"; };
		1B1C89CE2457CC1800CC4FD3 /* Assets.xcassets */ = {isa = PBXFileReference; lastKnownFileType = folder.assetcatalog; path = Assets.xcassets; sourceTree = "<group>"; };
		1B1C89D12457CC1800CC4FD3 /* Base */ = {isa = PBXFileReference; lastKnownFileType = file.storyboard; name = Base; path = Base.lproj/LaunchScreen.storyboard; sourceTree = "<group>"; };
		1B1C89D32457CC1800CC4FD3 /* Info.plist */ = {isa = PBXFileReference; lastKnownFileType = text.plist.xml; path = Info.plist; sourceTree = "<group>"; };
		1B1C89D92457CECB00CC4FD3 /* PlayerTableVC.swift */ = {isa = PBXFileReference; lastKnownFileType = sourcecode.swift; path = PlayerTableVC.swift; sourceTree = "<group>"; };
		1B1C89DB2457CF0000CC4FD3 /* SearchPlayerVC.swift */ = {isa = PBXFileReference; lastKnownFileType = sourcecode.swift; path = SearchPlayerVC.swift; sourceTree = "<group>"; };
		1B1C89DD2457CF0E00CC4FD3 /* Player.swift */ = {isa = PBXFileReference; lastKnownFileType = sourcecode.swift; path = Player.swift; sourceTree = "<group>"; };
		1B1C89DF2457CF3100CC4FD3 /* SkillsTableVC.swift */ = {isa = PBXFileReference; lastKnownFileType = sourcecode.swift; path = SkillsTableVC.swift; sourceTree = "<group>"; };
		1B1C89E12457CF4600CC4FD3 /* SkillProgressVC.swift */ = {isa = PBXFileReference; lastKnownFileType = sourcecode.swift; path = SkillProgressVC.swift; sourceTree = "<group>"; };
/* End PBXFileReference section */

/* Begin PBXFrameworksBuildPhase section */
		1B1C89BC2457CC1600CC4FD3 /* Frameworks */ = {
			isa = PBXFrameworksBuildPhase;
			buildActionMask = 2147483647;
			files = (
			);
			runOnlyForDeploymentPostprocessing = 0;
		};
/* End PBXFrameworksBuildPhase section */

/* Begin PBXGroup section */
		1B1C89B62457CC1600CC4FD3 = {
			isa = PBXGroup;
			children = (
				1B1C89C12457CC1600CC4FD3 /* RuneScape_finalproject */,
				1B1C89C02457CC1600CC4FD3 /* Products */,
			);
			sourceTree = "<group>";
		};
		1B1C89C02457CC1600CC4FD3 /* Products */ = {
			isa = PBXGroup;
			children = (
				1B1C89BF2457CC1600CC4FD3 /* RuneScape_finalproject.app */,
			);
			name = Products;
			sourceTree = "<group>";
		};
		1B1C89C12457CC1600CC4FD3 /* RuneScape_finalproject */ = {
			isa = PBXGroup;
			children = (
				1B1C89C22457CC1600CC4FD3 /* AppDelegate.swift */,
				1B1C89C42457CC1600CC4FD3 /* SceneDelegate.swift */,
				1B1C89C82457CC1600CC4FD3 /* Main.storyboard */,
				10415FF2245BB70E00BA8AA2 /* DataSession.swift */,
				1B1C89DB2457CF0000CC4FD3 /* SearchPlayerVC.swift */,
				1B1C89D92457CECB00CC4FD3 /* PlayerTableVC.swift */,
				1B1C89DF2457CF3100CC4FD3 /* SkillsTableVC.swift */,
				10415FF4245C9B8800BA8AA2 /* PlayerCell.swift */,
				10415FF62468C6FF00BA8AA2 /* SkillCell.swift */,
				1B1C89E12457CF4600CC4FD3 /* SkillProgressVC.swift */,
				1B1C89DD2457CF0E00CC4FD3 /* Player.swift */,
				1B1C89CE2457CC1800CC4FD3 /* Assets.xcassets */,
				1B1C89D02457CC1800CC4FD3 /* LaunchScreen.storyboard */,
				1B1C89D32457CC1800CC4FD3 /* Info.plist */,
				1B1C89CB2457CC1600CC4FD3 /* RuneScape.xcdatamodeld */,
			);
			path = RuneScape_finalproject;
			sourceTree = "<group>";
		};
/* End PBXGroup section */

/* Begin PBXNativeTarget section */
		1B1C89BE2457CC1600CC4FD3 /* RuneScape_finalproject */ = {
			isa = PBXNativeTarget;
			buildConfigurationList = 1B1C89D62457CC1800CC4FD3 /* Build configuration list for PBXNativeTarget "RuneScape_finalproject" */;
			buildPhases = (
				1B1C89BB2457CC1600CC4FD3 /* Sources */,
				1B1C89BC2457CC1600CC4FD3 /* Frameworks */,
				1B1C89BD2457CC1600CC4FD3 /* Resources */,
			);
			buildRules = (
			);
			dependencies = (
			);
			name = RuneScape_finalproject;
			productName = RuneScape_finalproject;
			productReference = 1B1C89BF2457CC1600CC4FD3 /* RuneScape_finalproject.app */;
			productType = "com.apple.product-type.application";
		};
/* End PBXNativeTarget section */

/* Begin PBXProject section */
		1B1C89B72457CC1600CC4FD3 /* Project object */ = {
			isa = PBXProject;
			attributes = {
				LastSwiftUpdateCheck = 1130;
				LastUpgradeCheck = 1130;
				ORGANIZATIONNAME = "Allan Clarke";
				TargetAttributes = {
					1B1C89BE2457CC1600CC4FD3 = {
						CreatedOnToolsVersion = 11.3.1;
					};
				};
			};
			buildConfigurationList = 1B1C89BA2457CC1600CC4FD3 /* Build configuration list for PBXProject "RuneScape_finalproject" */;
			compatibilityVersion = "Xcode 9.3";
			developmentRegion = en;
			hasScannedForEncodings = 0;
			knownRegions = (
				en,
				Base,
			);
			mainGroup = 1B1C89B62457CC1600CC4FD3;
			productRefGroup = 1B1C89C02457CC1600CC4FD3 /* Products */;
			projectDirPath = "";
			projectRoot = "";
			targets = (
				1B1C89BE2457CC1600CC4FD3 /* RuneScape_finalproject */,
			);
		};
/* End PBXProject section */

/* Begin PBXResourcesBuildPhase section */
		1B1C89BD2457CC1600CC4FD3 /* Resources */ = {
			isa = PBXResourcesBuildPhase;
			buildActionMask = 2147483647;
			files = (
				1B1C89D22457CC1800CC4FD3 /* LaunchScreen.storyboard in Resources */,
				1B1C89CF2457CC1800CC4FD3 /* Assets.xcassets in Resources */,
				1B1C89CA2457CC1600CC4FD3 /* Main.storyboard in Resources */,
			);
			runOnlyForDeploymentPostprocessing = 0;
		};
/* End PBXResourcesBuildPhase section */

/* Begin PBXSourcesBuildPhase section */
		1B1C89BB2457CC1600CC4FD3 /* Sources */ = {
			isa = PBXSourcesBuildPhase;
			buildActionMask = 2147483647;
			files = (
				1B1C89DC2457CF0000CC4FD3 /* SearchPlayerVC.swift in Sources */,
				1B1C89DA2457CECB00CC4FD3 /* PlayerTableVC.swift in Sources */,
				1B1C89E02457CF3100CC4FD3 /* SkillsTableVC.swift in Sources */,
				1B1C89CD2457CC1600CC4FD3 /* RuneScape.xcdatamodeld in Sources */,
				10415FF5245C9B8800BA8AA2 /* PlayerCell.swift in Sources */,
				1B1C89C32457CC1600CC4FD3 /* AppDelegate.swift in Sources */,
				10415FF72468C6FF00BA8AA2 /* SkillCell.swift in Sources */,
				1B1C89E22457CF4600CC4FD3 /* SkillProgressVC.swift in Sources */,
				10415FF3245BB70E00BA8AA2 /* DataSession.swift in Sources */,
				1B1C89DE2457CF0E00CC4FD3 /* Player.swift in Sources */,
				1B1C89C52457CC1600CC4FD3 /* SceneDelegate.swift in Sources */,
			);
			runOnlyForDeploymentPostprocessing = 0;
		};
/* End PBXSourcesBuildPhase section */

/* Begin PBXVariantGroup section */
		1B1C89C82457CC1600CC4FD3 /* Main.storyboard */ = {
			isa = PBXVariantGroup;
			children = (
				1B1C89C92457CC1600CC4FD3 /* Base */,
			);
			name = Main.storyboard;
			sourceTree = "<group>";
		};
		1B1C89D02457CC1800CC4FD3 /* LaunchScreen.storyboard */ = {
			isa = PBXVariantGroup;
			children = (
				1B1C89D12457CC1800CC4FD3 /* Base */,
			);
			name = LaunchScreen.storyboard;
			sourceTree = "<group>";
		};
/* End PBXVariantGroup section */

/* Begin XCBuildConfiguration section */
		1B1C89D42457CC1800CC4FD3 /* Debug */ = {
			isa = XCBuildConfiguration;
			buildSettings = {
				ALWAYS_SEARCH_USER_PATHS = NO;
				CLANG_ANALYZER_NONNULL = YES;
				CLANG_ANALYZER_NUMBER_OBJECT_CONVERSION = YES_AGGRESSIVE;
				CLANG_CXX_LANGUAGE_STANDARD = "gnu++14";
				CLANG_CXX_LIBRARY = "libc++";
				CLANG_ENABLE_MODULES = YES;
				CLANG_ENABLE_OBJC_ARC = YES;
				CLANG_ENABLE_OBJC_WEAK = YES;
				CLANG_WARN_BLOCK_CAPTURE_AUTORELEASING = YES;
				CLANG_WARN_BOOL_CONVERSION = YES;
				CLANG_WARN_COMMA = YES;
				CLANG_WARN_CONSTANT_CONVERSION = YES;
				CLANG_WARN_DEPRECATED_OBJC_IMPLEMENTATIONS = YES;
				CLANG_WARN_DIRECT_OBJC_ISA_USAGE = YES_ERROR;
				CLANG_WARN_DOCUMENTATION_COMMENTS = YES;
				CLANG_WARN_EMPTY_BODY = YES;
				CLANG_WARN_ENUM_CONVERSION = YES;
				CLANG_WARN_INFINITE_RECURSION = YES;
				CLANG_WARN_INT_CONVERSION = YES;
				CLANG_WARN_NON_LITERAL_NULL_CONVERSION = YES;
				CLANG_WARN_OBJC_IMPLICIT_RETAIN_SELF = YES;
				CLANG_WARN_OBJC_LITERAL_CONVERSION = YES;
				CLANG_WARN_OBJC_ROOT_CLASS = YES_ERROR;
				CLANG_WARN_RANGE_LOOP_ANALYSIS = YES;
				CLANG_WARN_STRICT_PROTOTYPES = YES;
				CLANG_WARN_SUSPICIOUS_MOVE = YES;
				CLANG_WARN_UNGUARDED_AVAILABILITY = YES_AGGRESSIVE;
				CLANG_WARN_UNREACHABLE_CODE = YES;
				CLANG_WARN__DUPLICATE_METHOD_MATCH = YES;
				COPY_PHASE_STRIP = NO;
				DEBUG_INFORMATION_FORMAT = dwarf;
				ENABLE_STRICT_OBJC_MSGSEND = YES;
				ENABLE_TESTABILITY = YES;
				GCC_C_LANGUAGE_STANDARD = gnu11;
				GCC_DYNAMIC_NO_PIC = NO;
				GCC_NO_COMMON_BLOCKS = YES;
				GCC_OPTIMIZATION_LEVEL = 0;
				GCC_PREPROCESSOR_DEFINITIONS = (
					"DEBUG=1",
					"$(inherited)",
				);
				GCC_WARN_64_TO_32_BIT_CONVERSION = YES;
				GCC_WARN_ABOUT_RETURN_TYPE = YES_ERROR;
				GCC_WARN_UNDECLARED_SELECTOR = YES;
				GCC_WARN_UNINITIALIZED_AUTOS = YES_AGGRESSIVE;
				GCC_WARN_UNUSED_FUNCTION = YES;
				GCC_WARN_UNUSED_VARIABLE = YES;
				IPHONEOS_DEPLOYMENT_TARGET = 13.2;
				MTL_ENABLE_DEBUG_INFO = INCLUDE_SOURCE;
				MTL_FAST_MATH = YES;
				ONLY_ACTIVE_ARCH = YES;
				SDKROOT = iphoneos;
				SWIFT_ACTIVE_COMPILATION_CONDITIONS = DEBUG;
				SWIFT_OPTIMIZATION_LEVEL = "-Onone";
			};
			name = Debug;
		};
		1B1C89D52457CC1800CC4FD3 /* Release */ = {
			isa = XCBuildConfiguration;
			buildSettings = {
				ALWAYS_SEARCH_USER_PATHS = NO;
				CLANG_ANALYZER_NONNULL = YES;
				CLANG_ANALYZER_NUMBER_OBJECT_CONVERSION = YES_AGGRESSIVE;
				CLANG_CXX_LANGUAGE_STANDARD = "gnu++14";
				CLANG_CXX_LIBRARY = "libc++";
				CLANG_ENABLE_MODULES = YES;
				CLANG_ENABLE_OBJC_ARC = YES;
				CLANG_ENABLE_OBJC_WEAK = YES;
				CLANG_WARN_BLOCK_CAPTURE_AUTORELEASING = YES;
				CLANG_WARN_BOOL_CONVERSION = YES;
				CLANG_WARN_COMMA = YES;
				CLANG_WARN_CONSTANT_CONVERSION = YES;
				CLANG_WARN_DEPRECATED_OBJC_IMPLEMENTATIONS = YES;
				CLANG_WARN_DIRECT_OBJC_ISA_USAGE = YES_ERROR;
				CLANG_WARN_DOCUMENTATION_COMMENTS = YES;
				CLANG_WARN_EMPTY_BODY = YES;
				CLANG_WARN_ENUM_CONVERSION = YES;
				CLANG_WARN_INFINITE_RECURSION = YES;
				CLANG_WARN_INT_CONVERSION = YES;
				CLANG_WARN_NON_LITERAL_NULL_CONVERSION = YES;
				CLANG_WARN_OBJC_IMPLICIT_RETAIN_SELF = YES;
				CLANG_WARN_OBJC_LITERAL_CONVERSION = YES;
				CLANG_WARN_OBJC_ROOT_CLASS = YES_ERROR;
				CLANG_WARN_RANGE_LOOP_ANALYSIS = YES;
				CLANG_WARN_STRICT_PROTOTYPES = YES;
				CLANG_WARN_SUSPICIOUS_MOVE = YES;
				CLANG_WARN_UNGUARDED_AVAILABILITY = YES_AGGRESSIVE;
				CLANG_WARN_UNREACHABLE_CODE = YES;
				CLANG_WARN__DUPLICATE_METHOD_MATCH = YES;
				COPY_PHASE_STRIP = NO;
				DEBUG_INFORMATION_FORMAT = "dwarf-with-dsym";
				ENABLE_NS_ASSERTIONS = NO;
				ENABLE_STRICT_OBJC_MSGSEND = YES;
				GCC_C_LANGUAGE_STANDARD = gnu11;
				GCC_NO_COMMON_BLOCKS = YES;
				GCC_WARN_64_TO_32_BIT_CONVERSION = YES;
				GCC_WARN_ABOUT_RETURN_TYPE = YES_ERROR;
				GCC_WARN_UNDECLARED_SELECTOR = YES;
				GCC_WARN_UNINITIALIZED_AUTOS = YES_AGGRESSIVE;
				GCC_WARN_UNUSED_FUNCTION = YES;
				GCC_WARN_UNUSED_VARIABLE = YES;
				IPHONEOS_DEPLOYMENT_TARGET = 13.2;
				MTL_ENABLE_DEBUG_INFO = NO;
				MTL_FAST_MATH = YES;
				SDKROOT = iphoneos;
				SWIFT_COMPILATION_MODE = wholemodule;
				SWIFT_OPTIMIZATION_LEVEL = "-O";
				VALIDATE_PRODUCT = YES;
			};
			name = Release;
		};
		1B1C89D72457CC1800CC4FD3 /* Debug */ = {
			isa = XCBuildConfiguration;
			buildSettings = {
				ASSETCATALOG_COMPILER_APPICON_NAME = AppIcon;
				CODE_SIGN_STYLE = Automatic;
				INFOPLIST_FILE = RuneScape_finalproject/Info.plist;
				LD_RUNPATH_SEARCH_PATHS = (
					"$(inherited)",
					"@executable_path/Frameworks",
				);
				PRODUCT_BUNDLE_IDENTIFIER = "cs329e.RuneScape-finalproject";
				PRODUCT_NAME = "$(TARGET_NAME)";
				SWIFT_VERSION = 5.0;
				TARGETED_DEVICE_FAMILY = "1,2";
			};
			name = Debug;
		};
		1B1C89D82457CC1800CC4FD3 /* Release */ = {
			isa = XCBuildConfiguration;
			buildSettings = {
				ASSETCATALOG_COMPILER_APPICON_NAME = AppIcon;
				CODE_SIGN_STYLE = Automatic;
				INFOPLIST_FILE = RuneScape_finalproject/Info.plist;
				LD_RUNPATH_SEARCH_PATHS = (
					"$(inherited)",
					"@executable_path/Frameworks",
				);
				PRODUCT_BUNDLE_IDENTIFIER = "cs329e.RuneScape-finalproject";
				PRODUCT_NAME = "$(TARGET_NAME)";
				SWIFT_VERSION = 5.0;
				TARGETED_DEVICE_FAMILY = "1,2";
			};
			name = Release;
		};
/* End XCBuildConfiguration section */

/* Begin XCConfigurationList section */
		1B1C89BA2457CC1600CC4FD3 /* Build configuration list for PBXProject "RuneScape_finalproject" */ = {
			isa = XCConfigurationList;
			buildConfigurations = (
				1B1C89D42457CC1800CC4FD3 /* Debug */,
				1B1C89D52457CC1800CC4FD3 /* Release */,
			);
			defaultConfigurationIsVisible = 0;
			defaultConfigurationName = Release;
		};
		1B1C89D62457CC1800CC4FD3 /* Build configuration list for PBXNativeTarget "RuneScape_finalproject" */ = {
			isa = XCConfigurationList;
			buildConfigurations = (
				1B1C89D72457CC1800CC4FD3 /* Debug */,
				1B1C89D82457CC1800CC4FD3 /* Release */,
			);
			defaultConfigurationIsVisible = 0;
			defaultConfigurationName = Release;
		};
/* End XCConfigurationList section */

/* Begin XCVersionGroup section */
		1B1C89CB2457CC1600CC4FD3 /* RuneScape.xcdatamodeld */ = {
			isa = XCVersionGroup;
			children = (
				1B1C89CC2457CC1600CC4FD3 /* RuneScape_finalproject.xcdatamodel */,
			);
			currentVersion = 1B1C89CC2457CC1600CC4FD3 /* RuneScape_finalproject.xcdatamodel */;
			path = RuneScape.xcdatamodeld;
			sourceTree = "<group>";
			versionGroupType = wrapper.xcdatamodel;
		};
/* End XCVersionGroup section */
	};
	rootObject = 1B1C89B72457CC1600CC4FD3 /* Project object */;
}
